{
  "version": 1,
  "dependencies": {
    ".NETCoreApp,Version=v3.1": {
      "cppsharp": {
        "type": "Project"
      },
      "cppsharp.ast": {
        "type": "Project"
      },
      "cppsharp.generator": {
        "type": "Project",
        "dependencies": {
          "CppSharp.Parser": "1.0.0"
        }
      },
      "cppsharp.parser": {
        "type": "Project",
        "dependencies": {
          "CppSharp": "1.0.0",
          "CppSharp.AST": "1.0.0",
          "CppSharp.Parser.CLI": "1.0.0",
          "CppSharp.Runtime": "1.0.0"
        }
      },
      "cppsharp.parser.cli": {
        "type": "Project"
      },
      "cppsharp.runtime": {
        "type": "Project"
      }
    }
  }
}